
Microsoft Visual Studio Solution File, Format Version 12.00
# Visual Studio Version 17
VisualStudioVersion = 17.7.34031.279
MinimumVisualStudioVersion = 10.0.40219.1
Project("{FAE04EC0-301F-11D3-BF4B-00C04F79EFBC}") = "quanLyDangKyMonHoc", "quanLyDangKyMonHoc\quanLyDangKyMonHoc.csproj", "{A5C2D0AE-7379-46A3-A9F7-6C62AC9D7E74}"
EndProject
Global
	GlobalSection(SolutionConfigurationPlatforms) = preSolution
		Debug|Any CPU = Debug|Any CPU
		Release|Any CPU = Release|Any CPU
	EndGlobalSection
	GlobalSection(ProjectConfigurationPlatforms) = postSolution
		{A5C2D0AE-7379-46A3-A9F7-6C62AC9D7E74}.Debug|Any CPU.ActiveCfg = Debug|Any CPU
		{A5C2D0AE-7379-46A3-A9F7-6C62AC9D7E74}.Debug|Any CPU.Build.0 = Debug|Any CPU
		{A5C2D0AE-7379-46A3-A9F7-6C62AC9D7E74}.Release|Any CPU.ActiveCfg = Release|Any CPU
		{A5C2D0AE-7379-46A3-A9F7-6C62AC9D7E74}.Release|Any CPU.Build.0 = Release|Any CPU
	EndGlobalSection
	GlobalSection(SolutionProperties) = preSolution
		HideSolutionNode = FALSE
	EndGlobalSection
	GlobalSection(ExtensibilityGlobals) = postSolution
		SolutionGuid = {6327B2A5-DA4A-40C4-98E2-C04F07321104}
	EndGlobalSection
EndGlobal
